
Microsoft Visual Studio Solution File, Format Version 12.00
# Visual Studio 15
VisualStudioVersion = 15.0.28307.1169
MinimumVisualStudioVersion = 10.0.40219.1
Project("{FAE04EC0-301F-11D3-BF4B-00C04F79EFBC}") = "Compensadores", "Compensadores\Compensadores.csproj", "{BBBEC38F-F0B6-4E36-9298-D5413CADBCBC}"
EndProject
Global
	GlobalSection(SolutionConfigurationPlatforms) = preSolution
		Debug|Any CPU = Debug|Any CPU
		Release|Any CPU = Release|Any CPU
	EndGlobalSection
	GlobalSection(ProjectConfigurationPlatforms) = postSolution
		{BBBEC38F-F0B6-4E36-9298-D5413CADBCBC}.Debug|Any CPU.ActiveCfg = Debug|Any CPU
		{BBBEC38F-F0B6-4E36-9298-D5413CADBCBC}.Debug|Any CPU.Build.0 = Debug|Any CPU
		{BBBEC38F-F0B6-4E36-9298-D5413CADBCBC}.Release|Any CPU.ActiveCfg = Release|Any CPU
		{BBBEC38F-F0B6-4E36-9298-D5413CADBCBC}.Release|Any CPU.Build.0 = Release|Any CPU
	EndGlobalSection
	GlobalSection(SolutionProperties) = preSolution
		HideSolutionNode = FALSE
	EndGlobalSection
	GlobalSection(ExtensibilityGlobals) = postSolution
		SolutionGuid = {2C9DF81A-FF73-411D-9BDF-AD1076DBB8BA}
	EndGlobalSection
EndGlobal
